
Microsoft Visual Studio Solution File, Format Version 12.00
# Visual Studio Version 17
VisualStudioVersion = 17.2.32408.312
MinimumVisualStudioVersion = 10.0.40219.1
Project("{9A19103F-16F7-4668-BE54-9A1E7A4F7556}") = "Ra2Client", "Ra2Client\Ra2Client.csproj", "{97458C1E-2E6C-4C5C-93C7-16A6712802E9}"
	ProjectSection(ProjectDependencies) = postProject
		{2CD114E3-C30F-4A95-9B4A-455C2C8F82E5} = {2CD114E3-C30F-4A95-9B4A-455C2C8F82E5}
	EndProjectSection
EndProject
Project("{9A19103F-16F7-4668-BE54-9A1E7A4F7556}") = "ClientCore", "ClientCore\ClientCore.csproj", "{DAA331A7-FDAC-44FD-98B5-2DC5025F48C3}"
EndProject
Project("{9A19103F-16F7-4668-BE54-9A1E7A4F7556}") = "ClientGUI", "ClientGUI\ClientGUI.csproj", "{4C26AD04-FF2E-4465-9F40-DEB9DDC2C1D6}"
EndProject
Project("{9A19103F-16F7-4668-BE54-9A1E7A4F7556}") = "DTAConfig", "DTAConfig\DTAConfig.csproj", "{D517317D-8EA8-4225-AF9E-5385D8A7F047}"
EndProject
Project("{9A19103F-16F7-4668-BE54-9A1E7A4F7556}") = "Localization", "Localization\Localization.csproj", "{2CD114E3-C30F-4A95-9B4A-455C2C8F82E5}"
EndProject
Project("{9A19103F-16F7-4668-BE54-9A1E7A4F7556}") = "Rampastring.XNAUI", "Rampastring.XNAUI\Rampastring.XNAUI.csproj", "{6D24CD76-1841-413C-B067-9D4929795DAA}"
EndProject
Project("{9A19103F-16F7-4668-BE54-9A1E7A4F7556}") = "ClientUpdater", "ClientUpdater\ClientUpdater.csproj", "{D033D895-4A81-4F20-B24C-93FA240A1737}"
EndProject
Project("{9A19103F-16F7-4668-BE54-9A1E7A4F7556}") = "Rampastring.Tools", "Rampastring.Tools-2.0.6\Rampastring.Tools.csproj", "{137386C2-2DDB-4E4B-8D54-E7E76E1076EC}"
EndProject
Project("{9A19103F-16F7-4668-BE54-9A1E7A4F7556}") = "RandomMapGenerator", "RandomMapGenerator\RandomMapGenerator.csproj", "{551789CD-3FF6-4259-B2F1-551B1CC722DB}"
EndProject
Project("{FAE04EC0-301F-11D3-BF4B-00C04F79EFBC}") = "Reunion", "Reunion\Reunion.csproj", "{F7E8F566-7354-4EB9-BD57-E123BA92C0A8}"
EndProject
Global
	GlobalSection(SolutionConfigurationPlatforms) = preSolution
		Debug|Any CPU = Debug|Any CPU
		Release|Any CPU = Release|Any CPU
	EndGlobalSection
	GlobalSection(ProjectConfigurationPlatforms) = postSolution
		{97458C1E-2E6C-4C5C-93C7-16A6712802E9}.Debug|Any CPU.ActiveCfg = Debug|Any CPU
		{97458C1E-2E6C-4C5C-93C7-16A6712802E9}.Debug|Any CPU.Build.0 = Debug|Any CPU
		{97458C1E-2E6C-4C5C-93C7-16A6712802E9}.Release|Any CPU.ActiveCfg = Release|Any CPU
		{97458C1E-2E6C-4C5C-93C7-16A6712802E9}.Release|Any CPU.Build.0 = Release|Any CPU
		{DAA331A7-FDAC-44FD-98B5-2DC5025F48C3}.Debug|Any CPU.ActiveCfg = Debug|Any CPU
		{DAA331A7-FDAC-44FD-98B5-2DC5025F48C3}.Debug|Any CPU.Build.0 = Debug|Any CPU
		{DAA331A7-FDAC-44FD-98B5-2DC5025F48C3}.Release|Any CPU.ActiveCfg = Release|Any CPU
		{DAA331A7-FDAC-44FD-98B5-2DC5025F48C3}.Release|Any CPU.Build.0 = Release|Any CPU
		{4C26AD04-FF2E-4465-9F40-DEB9DDC2C1D6}.Debug|Any CPU.ActiveCfg = Debug|Any CPU
		{4C26AD04-FF2E-4465-9F40-DEB9DDC2C1D6}.Debug|Any CPU.Build.0 = Debug|Any CPU
		{4C26AD04-FF2E-4465-9F40-DEB9DDC2C1D6}.Release|Any CPU.ActiveCfg = Release|Any CPU
		{4C26AD04-FF2E-4465-9F40-DEB9DDC2C1D6}.Release|Any CPU.Build.0 = Release|Any CPU
		{D517317D-8EA8-4225-AF9E-5385D8A7F047}.Debug|Any CPU.ActiveCfg = Debug|Any CPU
		{D517317D-8EA8-4225-AF9E-5385D8A7F047}.Debug|Any CPU.Build.0 = Debug|Any CPU
		{D517317D-8EA8-4225-AF9E-5385D8A7F047}.Release|Any CPU.ActiveCfg = Release|Any CPU
		{D517317D-8EA8-4225-AF9E-5385D8A7F047}.Release|Any CPU.Build.0 = Release|Any CPU
		{2CD114E3-C30F-4A95-9B4A-455C2C8F82E5}.Debug|Any CPU.ActiveCfg = Debug|Any CPU
		{2CD114E3-C30F-4A95-9B4A-455C2C8F82E5}.Debug|Any CPU.Build.0 = Debug|Any CPU
		{2CD114E3-C30F-4A95-9B4A-455C2C8F82E5}.Release|Any CPU.ActiveCfg = Release|Any CPU
		{2CD114E3-C30F-4A95-9B4A-455C2C8F82E5}.Release|Any CPU.Build.0 = Release|Any CPU
		{6D24CD76-1841-413C-B067-9D4929795DAA}.Debug|Any CPU.ActiveCfg = Debug|Any CPU
		{6D24CD76-1841-413C-B067-9D4929795DAA}.Debug|Any CPU.Build.0 = Debug|Any CPU
		{6D24CD76-1841-413C-B067-9D4929795DAA}.Release|Any CPU.ActiveCfg = Release|Any CPU
		{6D24CD76-1841-413C-B067-9D4929795DAA}.Release|Any CPU.Build.0 = Release|Any CPU
		{D033D895-4A81-4F20-B24C-93FA240A1737}.Debug|Any CPU.ActiveCfg = Debug|Any CPU
		{D033D895-4A81-4F20-B24C-93FA240A1737}.Debug|Any CPU.Build.0 = Debug|Any CPU
		{D033D895-4A81-4F20-B24C-93FA240A1737}.Release|Any CPU.ActiveCfg = Release|Any CPU
		{D033D895-4A81-4F20-B24C-93FA240A1737}.Release|Any CPU.Build.0 = Release|Any CPU
		{137386C2-2DDB-4E4B-8D54-E7E76E1076EC}.Debug|Any CPU.ActiveCfg = Debug|Any CPU
		{137386C2-2DDB-4E4B-8D54-E7E76E1076EC}.Debug|Any CPU.Build.0 = Debug|Any CPU
		{137386C2-2DDB-4E4B-8D54-E7E76E1076EC}.Release|Any CPU.ActiveCfg = Release|Any CPU
		{137386C2-2DDB-4E4B-8D54-E7E76E1076EC}.Release|Any CPU.Build.0 = Release|Any CPU
		{551789CD-3FF6-4259-B2F1-551B1CC722DB}.Debug|Any CPU.ActiveCfg = Debug|Any CPU
		{551789CD-3FF6-4259-B2F1-551B1CC722DB}.Debug|Any CPU.Build.0 = Debug|Any CPU
		{551789CD-3FF6-4259-B2F1-551B1CC722DB}.Release|Any CPU.ActiveCfg = Release|Any CPU
		{551789CD-3FF6-4259-B2F1-551B1CC722DB}.Release|Any CPU.Build.0 = Release|Any CPU
		{F7E8F566-7354-4EB9-BD57-E123BA92C0A8}.Debug|Any CPU.ActiveCfg = Debug|Any CPU
		{F7E8F566-7354-4EB9-BD57-E123BA92C0A8}.Debug|Any CPU.Build.0 = Debug|Any CPU
		{F7E8F566-7354-4EB9-BD57-E123BA92C0A8}.Release|Any CPU.ActiveCfg = Release|Any CPU
		{F7E8F566-7354-4EB9-BD57-E123BA92C0A8}.Release|Any CPU.Build.0 = Release|Any CPU
	EndGlobalSection
	GlobalSection(SolutionProperties) = preSolution
		HideSolutionNode = FALSE
	EndGlobalSection
	GlobalSection(ExtensibilityGlobals) = postSolution
		SolutionGuid = {524B40FE-44F2-419A-B6D3-F9F0F813101F}
	EndGlobalSection
EndGlobal
